// !$*UTF8*$!
{
	archiveVersion = 1;
	classes = {
	};
	objectVersion = 56;
	objects = {

/* Begin PBXBuildFile section */
		8186A6072BB089EA00438C2A /* AppDelegate.swift in Sources */ = {isa = PBXBuildFile; fileRef = 8186A6062BB089EA00438C2A /* AppDelegate.swift */; };
		8186A6092BB089EA00438C2A /* SceneDelegate.swift in Sources */ = {isa = PBXBuildFile; fileRef = 8186A6082BB089EA00438C2A /* SceneDelegate.swift */; };
		8186A60B2BB089EA00438C2A /* ViewController.swift in Sources */ = {isa = PBXBuildFile; fileRef = 8186A60A2BB089EA00438C2A /* ViewController.swift */; };
		8186A60E2BB089EA00438C2A /* Base in Resources */ = {isa = PBXBuildFile; fileRef = 8186A60D2BB089EA00438C2A /* Base */; };
		8186A6102BB089EC00438C2A /* Assets.xcassets in Resources */ = {isa = PBXBuildFile; fileRef = 8186A60F2BB089EC00438C2A /* Assets.xcassets */; };
		8186A6132BB089EC00438C2A /* Base in Resources */ = {isa = PBXBuildFile; fileRef = 8186A6122BB089EC00438C2A /* Base */; };
		8186A61E2BB0A65600438C2A /* BMIBrain.swift in Sources */ = {isa = PBXBuildFile; fileRef = 8186A61D2BB0A65600438C2A /* BMIBrain.swift */; };
		8186A6202BB0C91200438C2A /* ResultsViewController.swift in Sources */ = {isa = PBXBuildFile; fileRef = 8186A61F2BB0C91200438C2A /* ResultsViewController.swift */; };
		8186A6222BB0CD4700438C2A /* BMI.swift in Sources */ = {isa = PBXBuildFile; fileRef = 8186A6212BB0CD4700438C2A /* BMI.swift */; };
/* End PBXBuildFile section */

/* Begin PBXFileReference section */
		8186A6032BB089EA00438C2A /* bmi-calculator.app */ = {isa = PBXFileReference; explicitFileType = wrapper.application; includeInIndex = 0; path = "bmi-calculator.app"; sourceTree = BUILT_PRODUCTS_DIR; };
		8186A6062BB089EA00438C2A /* AppDelegate.swift */ = {isa = PBXFileReference; lastKnownFileType = sourcecode.swift; path = AppDelegate.swift; sourceTree = "<group>"; };
		8186A6082BB089EA00438C2A /* SceneDelegate.swift */ = {isa = PBXFileReference; lastKnownFileType = sourcecode.swift; path = SceneDelegate.swift; sourceTree = "<group>"; };
		8186A60A2BB089EA00438C2A /* ViewController.swift */ = {isa = PBXFileReference; lastKnownFileType = sourcecode.swift; path = ViewController.swift; sourceTree = "<group>"; };
		8186A60D2BB089EA00438C2A /* Base */ = {isa = PBXFileReference; lastKnownFileType = file.storyboard; name = Base; path = Base.lproj/Main.storyboard; sourceTree = "<group>"; };
		8186A60F2BB089EC00438C2A /* Assets.xcassets */ = {isa = PBXFileReference; lastKnownFileType = folder.assetcatalog; path = Assets.xcassets; sourceTree = "<group>"; };
		8186A6122BB089EC00438C2A /* Base */ = {isa = PBXFileReference; lastKnownFileType = file.storyboard; name = Base; path = Base.lproj/LaunchScreen.storyboard; sourceTree = "<group>"; };
		8186A6142BB089EC00438C2A /* Info.plist */ = {isa = PBXFileReference; lastKnownFileType = text.plist.xml; path = Info.plist; sourceTree = "<group>"; };
		8186A61D2BB0A65600438C2A /* BMIBrain.swift */ = {isa = PBXFileReference; lastKnownFileType = sourcecode.swift; path = BMIBrain.swift; sourceTree = "<group>"; };
		8186A61F2BB0C91200438C2A /* ResultsViewController.swift */ = {isa = PBXFileReference; lastKnownFileType = sourcecode.swift; path = ResultsViewController.swift; sourceTree = "<group>"; };
		8186A6212BB0CD4700438C2A /* BMI.swift */ = {isa = PBXFileReference; lastKnownFileType = sourcecode.swift; path = BMI.swift; sourceTree = "<group>"; };
/* End PBXFileReference section */

/* Begin PBXFrameworksBuildPhase section */
		8186A6002BB089EA00438C2A /* Frameworks */ = {
			isa = PBXFrameworksBuildPhase;
			buildActionMask = 2147483647;
			files = (
			);
			runOnlyForDeploymentPostprocessing = 0;
		};
/* End PBXFrameworksBuildPhase section */

/* Begin PBXGroup section */
		8186A5FA2BB089EA00438C2A = {
			isa = PBXGroup;
			children = (
				8186A6052BB089EA00438C2A /* bmi-calculator */,
				8186A6042BB089EA00438C2A /* Products */,
			);
			sourceTree = "<group>";
		};
		8186A6042BB089EA00438C2A /* Products */ = {
			isa = PBXGroup;
			children = (
				8186A6032BB089EA00438C2A /* bmi-calculator.app */,
			);
			name = Products;
			sourceTree = "<group>";
		};
		8186A6052BB089EA00438C2A /* bmi-calculator */ = {
			isa = PBXGroup;
			children = (
				8186A61A2BB0A5E100438C2A /* Model */,
				8186A61B2BB0A5EE00438C2A /* View */,
				8186A61C2BB0A5F900438C2A /* Controller */,
				8186A6062BB089EA00438C2A /* AppDelegate.swift */,
				8186A6082BB089EA00438C2A /* SceneDelegate.swift */,
				8186A60F2BB089EC00438C2A /* Assets.xcassets */,
				8186A6112BB089EC00438C2A /* LaunchScreen.storyboard */,
				8186A6142BB089EC00438C2A /* Info.plist */,
			);
			path = "bmi-calculator";
			sourceTree = "<group>";
		};
		8186A61A2BB0A5E100438C2A /* Model */ = {
			isa = PBXGroup;
			children = (
				8186A61D2BB0A65600438C2A /* BMIBrain.swift */,
				8186A6212BB0CD4700438C2A /* BMI.swift */,
			);
			path = Model;
			sourceTree = "<group>";
		};
		8186A61B2BB0A5EE00438C2A /* View */ = {
			isa = PBXGroup;
			children = (
				8186A60C2BB089EA00438C2A /* Main.storyboard */,
			);
			path = View;
			sourceTree = "<group>";
		};
		8186A61C2BB0A5F900438C2A /* Controller */ = {
			isa = PBXGroup;
			children = (
				8186A60A2BB089EA00438C2A /* ViewController.swift */,
				8186A61F2BB0C91200438C2A /* ResultsViewController.swift */,
			);
			path = Controller;
			sourceTree = "<group>";
		};
/* End PBXGroup section */

/* Begin PBXNativeTarget section */
		8186A6022BB089EA00438C2A /* bmi-calculator */ = {
			isa = PBXNativeTarget;
			buildConfigurationList = 8186A6172BB089EC00438C2A /* Build configuration list for PBXNativeTarget "bmi-calculator" */;
			buildPhases = (
				8186A5FF2BB089EA00438C2A /* Sources */,
				8186A6002BB089EA00438C2A /* Frameworks */,
				8186A6012BB089EA00438C2A /* Resources */,
			);
			buildRules = (
			);
			dependencies = (
			);
			name = "bmi-calculator";
			productName = "bmi-calculator";
			productReference = 8186A6032BB089EA00438C2A /* bmi-calculator.app */;
			productType = "com.apple.product-type.application";
		};
/* End PBXNativeTarget section */

/* Begin PBXProject section */
		8186A5FB2BB089EA00438C2A /* Project object */ = {
			isa = PBXProject;
			attributes = {
				BuildIndependentTargetsInParallel = 1;
				LastSwiftUpdateCheck = 1530;
				LastUpgradeCheck = 1530;
				TargetAttributes = {
					8186A6022BB089EA00438C2A = {
						CreatedOnToolsVersion = 15.3;
					};
				};
			};
			buildConfigurationList = 8186A5FE2BB089EA00438C2A /* Build configuration list for PBXProject "bmi-calculator" */;
			compatibilityVersion = "Xcode 14.0";
			developmentRegion = en;
			hasScannedForEncodings = 0;
			knownRegions = (
				en,
				Base,
			);
			mainGroup = 8186A5FA2BB089EA00438C2A;
			productRefGroup = 8186A6042BB089EA00438C2A /* Products */;
			projectDirPath = "";
			projectRoot = "";
			targets = (
				8186A6022BB089EA00438C2A /* bmi-calculator */,
			);
		};
/* End PBXProject section */

/* Begin PBXResourcesBuildPhase section */
		8186A6012BB089EA00438C2A /* Resources */ = {
			isa = PBXResourcesBuildPhase;
			buildActionMask = 2147483647;
			files = (
				8186A6102BB089EC00438C2A /* Assets.xcassets in Resources */,
				8186A6132BB089EC00438C2A /* Base in Resources */,
				8186A60E2BB089EA00438C2A /* Base in Resources */,
			);
			runOnlyForDeploymentPostprocessing = 0;
		};
/* End PBXResourcesBuildPhase section */

/* Begin PBXSourcesBuildPhase section */
		8186A5FF2BB089EA00438C2A /* Sources */ = {
			isa = PBXSourcesBuildPhase;
			buildActionMask = 2147483647;
			files = (
				8186A60B2BB089EA00438C2A /* ViewController.swift in Sources */,
				8186A61E2BB0A65600438C2A /* BMIBrain.swift in Sources */,
				8186A6072BB089EA00438C2A /* AppDelegate.swift in Sources */,
				8186A6202BB0C91200438C2A /* ResultsViewController.swift in Sources */,
				8186A6222BB0CD4700438C2A /* BMI.swift in Sources */,
				8186A6092BB089EA00438C2A /* SceneDelegate.swift in Sources */,
			);
			runOnlyForDeploymentPostprocessing = 0;
		};
/* End PBXSourcesBuildPhase section */

/* Begin PBXVariantGroup section */
		8186A60C2BB089EA00438C2A /* Main.storyboard */ = {
			isa = PBXVariantGroup;
			children = (
				8186A60D2BB089EA00438C2A /* Base */,
			);
			name = Main.storyboard;
			sourceTree = "<group>";
		};
		8186A6112BB089EC00438C2A /* LaunchScreen.storyboard */ = {
			isa = PBXVariantGroup;
			children = (
				8186A6122BB089EC00438C2A /* Base */,
			);
			name = LaunchScreen.storyboard;
			sourceTree = "<group>";
		};
/* End PBXVariantGroup section */

/* Begin XCBuildConfiguration section */
		8186A6152BB089EC00438C2A /* Debug */ = {
			isa = XCBuildConfiguration;
			buildSettings = {
				ALWAYS_SEARCH_USER_PATHS = NO;
				ASSETCATALOG_COMPILER_GENERATE_SWIFT_ASSET_SYMBOL_EXTENSIONS = YES;
				CLANG_ANALYZER_NONNULL = YES;
				CLANG_ANALYZER_NUMBER_OBJECT_CONVERSION = YES_AGGRESSIVE;
				CLANG_CXX_LANGUAGE_STANDARD = "gnu++20";
				CLANG_ENABLE_MODULES = YES;
				CLANG_ENABLE_OBJC_ARC = YES;
				CLANG_ENABLE_OBJC_WEAK = YES;
				CLANG_WARN_BLOCK_CAPTURE_AUTORELEASING = YES;
				CLANG_WARN_BOOL_CONVERSION = YES;
				CLANG_WARN_COMMA = YES;
				CLANG_WARN_CONSTANT_CONVERSION = YES;
				CLANG_WARN_DEPRECATED_OBJC_IMPLEMENTATIONS = YES;
				CLANG_WARN_DIRECT_OBJC_ISA_USAGE = YES_ERROR;
				CLANG_WARN_DOCUMENTATION_COMMENTS = YES;
				CLANG_WARN_EMPTY_BODY = YES;
				CLANG_WARN_ENUM_CONVERSION = YES;
				CLANG_WARN_INFINITE_RECURSION = YES;
				CLANG_WARN_INT_CONVERSION = YES;
				CLANG_WARN_NON_LITERAL_NULL_CONVERSION = YES;
				CLANG_WARN_OBJC_IMPLICIT_RETAIN_SELF = YES;
				CLANG_WARN_OBJC_LITERAL_CONVERSION = YES;
				CLANG_WARN_OBJC_ROOT_CLASS = YES_ERROR;
				CLANG_WARN_QUOTED_INCLUDE_IN_FRAMEWORK_HEADER = YES;
				CLANG_WARN_RANGE_LOOP_ANALYSIS = YES;
				CLANG_WARN_STRICT_PROTOTYPES = YES;
				CLANG_WARN_SUSPICIOUS_MOVE = YES;
				CLANG_WARN_UNGUARDED_AVAILABILITY = YES_AGGRESSIVE;
				CLANG_WARN_UNREACHABLE_CODE = YES;
				CLANG_WARN__DUPLICATE_METHOD_MATCH = YES;
				COPY_PHASE_STRIP = NO;
				DEBUG_INFORMATION_FORMAT = dwarf;
				ENABLE_STRICT_OBJC_MSGSEND = YES;
				ENABLE_TESTABILITY = YES;
				ENABLE_USER_SCRIPT_SANDBOXING = YES;
				GCC_C_LANGUAGE_STANDARD = gnu17;
				GCC_DYNAMIC_NO_PIC = NO;
				GCC_NO_COMMON_BLOCKS = YES;
				GCC_OPTIMIZATION_LEVEL = 0;
				GCC_PREPROCESSOR_DEFINITIONS = (
					"DEBUG=1",
					"$(inherited)",
				);
				GCC_WARN_64_TO_32_BIT_CONVERSION = YES;
				GCC_WARN_ABOUT_RETURN_TYPE = YES_ERROR;
				GCC_WARN_UNDECLARED_SELECTOR = YES;
				GCC_WARN_UNINITIALIZED_AUTOS = YES_AGGRESSIVE;
				GCC_WARN_UNUSED_FUNCTION = YES;
				GCC_WARN_UNUSED_VARIABLE = YES;
				IPHONEOS_DEPLOYMENT_TARGET = 17.4;
				LOCALIZATION_PREFERS_STRING_CATALOGS = YES;
				MTL_ENABLE_DEBUG_INFO = INCLUDE_SOURCE;
				MTL_FAST_MATH = YES;
				ONLY_ACTIVE_ARCH = YES;
				SDKROOT = iphoneos;
				SWIFT_ACTIVE_COMPILATION_CONDITIONS = "DEBUG $(inherited)";
				SWIFT_OPTIMIZATION_LEVEL = "-Onone";
			};
			name = Debug;
		};
		8186A6162BB089EC00438C2A /* Release */ = {
			isa = XCBuildConfiguration;
			buildSettings = {
				ALWAYS_SEARCH_USER_PATHS = NO;
				ASSETCATALOG_COMPILER_GENERATE_SWIFT_ASSET_SYMBOL_EXTENSIONS = YES;
				CLANG_ANALYZER_NONNULL = YES;
				CLANG_ANALYZER_NUMBER_OBJECT_CONVERSION = YES_AGGRESSIVE;
				CLANG_CXX_LANGUAGE_STANDARD = "gnu++20";
				CLANG_ENABLE_MODULES = YES;
				CLANG_ENABLE_OBJC_ARC = YES;
				CLANG_ENABLE_OBJC_WEAK = YES;
				CLANG_WARN_BLOCK_CAPTURE_AUTORELEASING = YES;
				CLANG_WARN_BOOL_CONVERSION = YES;
				CLANG_WARN_COMMA = YES;
				CLANG_WARN_CONSTANT_CONVERSION = YES;
				CLANG_WARN_DEPRECATED_OBJC_IMPLEMENTATIONS = YES;
				CLANG_WARN_DIRECT_OBJC_ISA_USAGE = YES_ERROR;
				CLANG_WARN_DOCUMENTATION_COMMENTS = YES;
				CLANG_WARN_EMPTY_BODY = YES;
				CLANG_WARN_ENUM_CONVERSION = YES;
				CLANG_WARN_INFINITE_RECURSION = YES;
				CLANG_WARN_INT_CONVERSION = YES;
				CLANG_WARN_NON_LITERAL_NULL_CONVERSION = YES;
				CLANG_WARN_OBJC_IMPLICIT_RETAIN_SELF = YES;
				CLANG_WARN_OBJC_LITERAL_CONVERSION = YES;
				CLANG_WARN_OBJC_ROOT_CLASS = YES_ERROR;
				CLANG_WARN_QUOTED_INCLUDE_IN_FRAMEWORK_HEADER = YES;
				CLANG_WARN_RANGE_LOOP_ANALYSIS = YES;
				CLANG_WARN_STRICT_PROTOTYPES = YES;
				CLANG_WARN_SUSPICIOUS_MOVE = YES;
				CLANG_WARN_UNGUARDED_AVAILABILITY = YES_AGGRESSIVE;
				CLANG_WARN_UNREACHABLE_CODE = YES;
				CLANG_WARN__DUPLICATE_METHOD_MATCH = YES;
				COPY_PHASE_STRIP = NO;
				DEBUG_INFORMATION_FORMAT = "dwarf-with-dsym";
				ENABLE_NS_ASSERTIONS = NO;
				ENABLE_STRICT_OBJC_MSGSEND = YES;
				ENABLE_USER_SCRIPT_SANDBOXING = YES;
				GCC_C_LANGUAGE_STANDARD = gnu17;
				GCC_NO_COMMON_BLOCKS = YES;
				GCC_WARN_64_TO_32_BIT_CONVERSION = YES;
				GCC_WARN_ABOUT_RETURN_TYPE = YES_ERROR;
				GCC_WARN_UNDECLARED_SELECTOR = YES;
				GCC_WARN_UNINITIALIZED_AUTOS = YES_AGGRESSIVE;
				GCC_WARN_UNUSED_FUNCTION = YES;
				GCC_WARN_UNUSED_VARIABLE = YES;
				IPHONEOS_DEPLOYMENT_TARGET = 17.4;
				LOCALIZATION_PREFERS_STRING_CATALOGS = YES;
				MTL_ENABLE_DEBUG_INFO = NO;
				MTL_FAST_MATH = YES;
				SDKROOT = iphoneos;
				SWIFT_COMPILATION_MODE = wholemodule;
				VALIDATE_PRODUCT = YES;
			};
			name = Release;
		};
		8186A6182BB089EC00438C2A /* Debug */ = {
			isa = XCBuildConfiguration;
			buildSettings = {
				ASSETCATALOG_COMPILER_APPICON_NAME = AppIcon;
				ASSETCATALOG_COMPILER_GLOBAL_ACCENT_COLOR_NAME = AccentColor;
				CODE_SIGN_STYLE = Automatic;
				CURRENT_PROJECT_VERSION = 1;
				DEVELOPMENT_TEAM = 7L2B356GHZ;
				GENERATE_INFOPLIST_FILE = YES;
				INFOPLIST_FILE = "bmi-calculator/Info.plist";
				INFOPLIST_KEY_UIApplicationSupportsIndirectInputEvents = YES;
				INFOPLIST_KEY_UILaunchStoryboardName = LaunchScreen;
				INFOPLIST_KEY_UIMainStoryboardFile = Main;
				INFOPLIST_KEY_UISupportedInterfaceOrientations_iPad = "UIInterfaceOrientationPortrait UIInterfaceOrientationPortraitUpsideDown UIInterfaceOrientationLandscapeLeft UIInterfaceOrientationLandscapeRight";
				INFOPLIST_KEY_UISupportedInterfaceOrientations_iPhone = "UIInterfaceOrientationPortrait UIInterfaceOrientationLandscapeLeft UIInterfaceOrientationLandscapeRight";
				IPHONEOS_DEPLOYMENT_TARGET = 15.0;
				LD_RUNPATH_SEARCH_PATHS = (
					"$(inherited)",
					"@executable_path/Frameworks",
				);
				MARKETING_VERSION = 1.0;
				PRODUCT_BUNDLE_IDENTIFIER = "com.example.aman-giri.bmi-calculator";
				PRODUCT_NAME = "$(TARGET_NAME)";
				SWIFT_EMIT_LOC_STRINGS = YES;
				SWIFT_VERSION = 5.0;
				TARGETED_DEVICE_FAMILY = "1,2";
			};
			name = Debug;
		};
		8186A6192BB089EC00438C2A /* Release */ = {
			isa = XCBuildConfiguration;
			buildSettings = {
				ASSETCATALOG_COMPILER_APPICON_NAME = AppIcon;
				ASSETCATALOG_COMPILER_GLOBAL_ACCENT_COLOR_NAME = AccentColor;
				CODE_SIGN_STYLE = Automatic;
				CURRENT_PROJECT_VERSION = 1;
				DEVELOPMENT_TEAM = 7L2B356GHZ;
				GENERATE_INFOPLIST_FILE = YES;
				INFOPLIST_FILE = "bmi-calculator/Info.plist";
				INFOPLIST_KEY_UIApplicationSupportsIndirectInputEvents = YES;
				INFOPLIST_KEY_UILaunchStoryboardName = LaunchScreen;
				INFOPLIST_KEY_UIMainStoryboardFile = Main;
				INFOPLIST_KEY_UISupportedInterfaceOrientations_iPad = "UIInterfaceOrientationPortrait UIInterfaceOrientationPortraitUpsideDown UIInterfaceOrientationLandscapeLeft UIInterfaceOrientationLandscapeRight";
				INFOPLIST_KEY_UISupportedInterfaceOrientations_iPhone = "UIInterfaceOrientationPortrait UIInterfaceOrientationLandscapeLeft UIInterfaceOrientationLandscapeRight";
				IPHONEOS_DEPLOYMENT_TARGET = 15.0;
				LD_RUNPATH_SEARCH_PATHS = (
					"$(inherited)",
					"@executable_path/Frameworks",
				);
				MARKETING_VERSION = 1.0;
				PRODUCT_BUNDLE_IDENTIFIER = "com.example.aman-giri.bmi-calculator";
				PRODUCT_NAME = "$(TARGET_NAME)";
				SWIFT_EMIT_LOC_STRINGS = YES;
				SWIFT_VERSION = 5.0;
				TARGETED_DEVICE_FAMILY = "1,2";
			};
			name = Release;
		};
/* End XCBuildConfiguration section */

/* Begin XCConfigurationList section */
		8186A5FE2BB089EA00438C2A /* Build configuration list for PBXProject "bmi-calculator" */ = {
			isa = XCConfigurationList;
			buildConfigurations = (
				8186A6152BB089EC00438C2A /* Debug */,
				8186A6162BB089EC00438C2A /* Release */,
			);
			defaultConfigurationIsVisible = 0;
			defaultConfigurationName = Release;
		};
		8186A6172BB089EC00438C2A /* Build configuration list for PBXNativeTarget "bmi-calculator" */ = {
			isa = XCConfigurationList;
			buildConfigurations = (
				8186A6182BB089EC00438C2A /* Debug */,
				8186A6192BB089EC00438C2A /* Release */,
			);
			defaultConfigurationIsVisible = 0;
			defaultConfigurationName = Release;
		};
/* End XCConfigurationList section */
	};
	rootObject = 8186A5FB2BB089EA00438C2A /* Project object */;
}
